Microsoft Visual Studio Solution File, Format Version 12.00
# Visual Studio Version 17
VisualStudioVersion = 17.9.34701.34
MinimumVisualStudioVersion = 10.0.40219.1
Project("{2150E333-8FDC-42A3-9474-1A3956D46DE8}") = "01. Api", "01. Api", "{B4722EA0-300E-4FEB-BC6E-513B4E266FF3}"
EndProject
Project("{2150E333-8FDC-42A3-9474-1A3956D46DE8}") = "02. CrossCutting", "02. CrossCutting", "{B71636A2-841F-4201-B16A-0515C4BBD745}"
EndProject
Project("{2150E333-8FDC-42A3-9474-1A3956D46DE8}") = "03. Core", "03. Core", "{F27B581C-1EA9-47A4-BD7C-1BCF4DA9FF1C}"
EndProject
Project("{2150E333-8FDC-42A3-9474-1A3956D46DE8}") = "04. Infraestructure", "04. Infraestructure", "{1444FEC7-F5F5-48A4-B2DD-01844A739BFB}"
EndProject
Project("{2150E333-8FDC-42A3-9474-1A3956D46DE8}") = "Application", "Application", "{402F8CF9-9F26-41B2-95B6-A6A1394EAB0D}"
EndProject
Project("{2150E333-8FDC-42A3-9474-1A3956D46DE8}") = "Api", "Api", "{BB453AE0-12AC-4436-89C1-E42F20C1D65C}"
EndProject
Project("{2150E333-8FDC-42A3-9474-1A3956D46DE8}") = "RestFul", "RestFul", "{880FB1D0-17C6-4406-A1C5-79C2E02196B0}"
EndProject
Project("{2150E333-8FDC-42A3-9474-1A3956D46DE8}") = "Persistence", "Persistence", "{70D4601B-18BE-402C-A144-135288E36709}"
EndProject
Project("{2150E333-8FDC-42A3-9474-1A3956D46DE8}") = "SQLServer", "SQLServer", "{8736B5F6-95F5-418C-9976-C0801B5F9F30}"
EndProject
Project("{2150E333-8FDC-42A3-9474-1A3956D46DE8}") = "Domain", "Domain", "{C405AB3A-C651-49C6-888E-462DAC293976}"
EndProject
Project("{9A19103F-16F7-4668-BE54-9A1E7A4F7556}") = "Tekton.ECommerce.Application", "Tekton.ECommerce.Application\Tekton.ECommerce.Application.csproj", "{E59B72E5-F66B-4B8C-BAE8-029E58FE0813}"
EndProject
Project("{9A19103F-16F7-4668-BE54-9A1E7A4F7556}") = "Tekton.ECommerce.Dto", "Tekton.ECommerce.Dto\Tekton.ECommerce.Dto.csproj", "{D8791E84-39EE-4628-BF19-18F09F100E19}"
EndProject
Project("{9A19103F-16F7-4668-BE54-9A1E7A4F7556}") = "Tekton.ECommerce.Map", "Tekton.ECommerce.Map\Tekton.ECommerce.Map.csproj", "{FC45D249-B774-46C5-859B-4D0A208AE450}"
EndProject
Project("{9A19103F-16F7-4668-BE54-9A1E7A4F7556}") = "Tekton.ECommerce.Utility", "Tekton.ECommerce.Utility\Tekton.ECommerce.Utility.csproj", "{4D97BFEF-5000-44FD-B9FC-FC60CE40CEDE}"
EndProject
Project("{9A19103F-16F7-4668-BE54-9A1E7A4F7556}") = "Tekton.ECommerce.Api", "Tekton.ECommerce.Api\Tekton.ECommerce.Api.csproj", "{E81D373C-6F34-451C-B095-01CD0C9C32EE}"
EndProject
Project("{9A19103F-16F7-4668-BE54-9A1E7A4F7556}") = "Tekton.ECommerce.Persistence.SQLServer", "Tekton.ECommerce.Persistence.SQLServer\Tekton.ECommerce.Persistence.SQLServer.csproj", "{8EB00807-0963-450B-8E70-E887F149E68A}"
EndProject
Project("{9A19103F-16F7-4668-BE54-9A1E7A4F7556}") = "Tekton.ECommerce.IApplication", "Tekton.ECommerce.IApplication\Tekton.ECommerce.IApplication.csproj", "{919B6CED-5538-45A3-A700-1F30C06BD57D}"
EndProject
Project("{9A19103F-16F7-4668-BE54-9A1E7A4F7556}") = "Tekton.ECommerce.Domain.Entity", "Tekton.ECommerce.Domain.Entity\Tekton.ECommerce.Domain.Entity.csproj", "{B9EA22A7-DEE9-4CFD-AD3A-31C7FCEFE6F1}"
EndProject
Project("{9A19103F-16F7-4668-BE54-9A1E7A4F7556}") = "Tekton.ECommerce.Domain.IQuery", "Tekton.ECommerce.Domain.IQuery\Tekton.ECommerce.Domain.IQuery.csproj", "{A2A28D5E-B102-42EC-AF3B-5FE0FC0E53C9}"
EndProject
Project("{9A19103F-16F7-4668-BE54-9A1E7A4F7556}") = "Tekton.ECommerce.Domain.ICommand", "Tekton.ECommerce.Domain.ICommand\Tekton.ECommerce.Domain.ICommand.csproj", "{FA594CBB-96DF-41D3-BCE9-4F34DD0A1B4A}"
EndProject
Global
	GlobalSection(SolutionConfigurationPlatforms) = preSolution
		Debug|Any CPU = Debug|Any CPU
		Release|Any CPU = Release|Any CPU
	EndGlobalSection
	GlobalSection(ProjectConfigurationPlatforms) = postSolution
		{E59B72E5-F66B-4B8C-BAE8-029E58FE0813}.Debug|Any CPU.ActiveCfg = Debug|Any CPU
		{E59B72E5-F66B-4B8C-BAE8-029E58FE0813}.Debug|Any CPU.Build.0 = Debug|Any CPU
		{E59B72E5-F66B-4B8C-BAE8-029E58FE0813}.Release|Any CPU.ActiveCfg = Release|Any CPU
		{E59B72E5-F66B-4B8C-BAE8-029E58FE0813}.Release|Any CPU.Build.0 = Release|Any CPU
		{D8791E84-39EE-4628-BF19-18F09F100E19}.Debug|Any CPU.ActiveCfg = Debug|Any CPU
		{D8791E84-39EE-4628-BF19-18F09F100E19}.Debug|Any CPU.Build.0 = Debug|Any CPU
		{D8791E84-39EE-4628-BF19-18F09F100E19}.Release|Any CPU.ActiveCfg = Release|Any CPU
		{D8791E84-39EE-4628-BF19-18F09F100E19}.Release|Any CPU.Build.0 = Release|Any CPU
		{FC45D249-B774-46C5-859B-4D0A208AE450}.Debug|Any CPU.ActiveCfg = Debug|Any CPU
		{FC45D249-B774-46C5-859B-4D0A208AE450}.Debug|Any CPU.Build.0 = Debug|Any CPU
		{FC45D249-B774-46C5-859B-4D0A208AE450}.Release|Any CPU.ActiveCfg = Release|Any CPU
		{FC45D249-B774-46C5-859B-4D0A208AE450}.Release|Any CPU.Build.0 = Release|Any CPU
		{4D97BFEF-5000-44FD-B9FC-FC60CE40CEDE}.Debug|Any CPU.ActiveCfg = Debug|Any CPU
		{4D97BFEF-5000-44FD-B9FC-FC60CE40CEDE}.Debug|Any CPU.Build.0 = Debug|Any CPU
		{4D97BFEF-5000-44FD-B9FC-FC60CE40CEDE}.Release|Any CPU.ActiveCfg = Release|Any CPU
		{4D97BFEF-5000-44FD-B9FC-FC60CE40CEDE}.Release|Any CPU.Build.0 = Release|Any CPU
		{E81D373C-6F34-451C-B095-01CD0C9C32EE}.Debug|Any CPU.ActiveCfg = Debug|Any CPU
		{E81D373C-6F34-451C-B095-01CD0C9C32EE}.Debug|Any CPU.Build.0 = Debug|Any CPU
		{E81D373C-6F34-451C-B095-01CD0C9C32EE}.Release|Any CPU.ActiveCfg = Release|Any CPU
		{E81D373C-6F34-451C-B095-01CD0C9C32EE}.Release|Any CPU.Build.0 = Release|Any CPU
		{8EB00807-0963-450B-8E70-E887F149E68A}.Debug|Any CPU.ActiveCfg = Debug|Any CPU
		{8EB00807-0963-450B-8E70-E887F149E68A}.Debug|Any CPU.Build.0 = Debug|Any CPU
		{8EB00807-0963-450B-8E70-E887F149E68A}.Release|Any CPU.ActiveCfg = Release|Any CPU
		{8EB00807-0963-450B-8E70-E887F149E68A}.Release|Any CPU.Build.0 = Release|Any CPU
		{919B6CED-5538-45A3-A700-1F30C06BD57D}.Debug|Any CPU.ActiveCfg = Debug|Any CPU
		{919B6CED-5538-45A3-A700-1F30C06BD57D}.Debug|Any CPU.Build.0 = Debug|Any CPU
		{919B6CED-5538-45A3-A700-1F30C06BD57D}.Release|Any CPU.ActiveCfg = Release|Any CPU
		{919B6CED-5538-45A3-A700-1F30C06BD57D}.Release|Any CPU.Build.0 = Release|Any CPU
		{B9EA22A7-DEE9-4CFD-AD3A-31C7FCEFE6F1}.Debug|Any CPU.ActiveCfg = Debug|Any CPU
		{B9EA22A7-DEE9-4CFD-AD3A-31C7FCEFE6F1}.Debug|Any CPU.Build.0 = Debug|Any CPU
		{B9EA22A7-DEE9-4CFD-AD3A-31C7FCEFE6F1}.Release|Any CPU.ActiveCfg = Release|Any CPU
		{B9EA22A7-DEE9-4CFD-AD3A-31C7FCEFE6F1}.Release|Any CPU.Build.0 = Release|Any CPU
		{A2A28D5E-B102-42EC-AF3B-5FE0FC0E53C9}.Debug|Any CPU.ActiveCfg = Debug|Any CPU
		{A2A28D5E-B102-42EC-AF3B-5FE0FC0E53C9}.Debug|Any CPU.Build.0 = Debug|Any CPU
		{A2A28D5E-B102-42EC-AF3B-5FE0FC0E53C9}.Release|Any CPU.ActiveCfg = Release|Any CPU
		{A2A28D5E-B102-42EC-AF3B-5FE0FC0E53C9}.Release|Any CPU.Build.0 = Release|Any CPU
		{FA594CBB-96DF-41D3-BCE9-4F34DD0A1B4A}.Debug|Any CPU.ActiveCfg = Debug|Any CPU
		{FA594CBB-96DF-41D3-BCE9-4F34DD0A1B4A}.Debug|Any CPU.Build.0 = Debug|Any CPU
		{FA594CBB-96DF-41D3-BCE9-4F34DD0A1B4A}.Release|Any CPU.ActiveCfg = Release|Any CPU
		{FA594CBB-96DF-41D3-BCE9-4F34DD0A1B4A}.Release|Any CPU.Build.0 = Release|Any CPU
	EndGlobalSection
	GlobalSection(SolutionProperties) = preSolution
		HideSolutionNode = FALSE
	EndGlobalSection
	GlobalSection(NestedProjects) = preSolution
		{402F8CF9-9F26-41B2-95B6-A6A1394EAB0D} = {F27B581C-1EA9-47A4-BD7C-1BCF4DA9FF1C}
		{BB453AE0-12AC-4436-89C1-E42F20C1D65C} = {1444FEC7-F5F5-48A4-B2DD-01844A739BFB}
		{880FB1D0-17C6-4406-A1C5-79C2E02196B0} = {BB453AE0-12AC-4436-89C1-E42F20C1D65C}
		{70D4601B-18BE-402C-A144-135288E36709} = {1444FEC7-F5F5-48A4-B2DD-01844A739BFB}
		{8736B5F6-95F5-418C-9976-C0801B5F9F30} = {70D4601B-18BE-402C-A144-135288E36709}
		{C405AB3A-C651-49C6-888E-462DAC293976} = {F27B581C-1EA9-47A4-BD7C-1BCF4DA9FF1C}
		{E59B72E5-F66B-4B8C-BAE8-029E58FE0813} = {402F8CF9-9F26-41B2-95B6-A6A1394EAB0D}
		{D8791E84-39EE-4628-BF19-18F09F100E19} = {B71636A2-841F-4201-B16A-0515C4BBD745}
		{FC45D249-B774-46C5-859B-4D0A208AE450} = {B71636A2-841F-4201-B16A-0515C4BBD745}
		{4D97BFEF-5000-44FD-B9FC-FC60CE40CEDE} = {B71636A2-841F-4201-B16A-0515C4BBD745}
		{E81D373C-6F34-451C-B095-01CD0C9C32EE} = {B4722EA0-300E-4FEB-BC6E-513B4E266FF3}
		{8EB00807-0963-450B-8E70-E887F149E68A} = {8736B5F6-95F5-418C-9976-C0801B5F9F30}
		{919B6CED-5538-45A3-A700-1F30C06BD57D} = {402F8CF9-9F26-41B2-95B6-A6A1394EAB0D}
		{B9EA22A7-DEE9-4CFD-AD3A-31C7FCEFE6F1} = {C405AB3A-C651-49C6-888E-462DAC293976}
		{A2A28D5E-B102-42EC-AF3B-5FE0FC0E53C9} = {C405AB3A-C651-49C6-888E-462DAC293976}
		{FA594CBB-96DF-41D3-BCE9-4F34DD0A1B4A} = {C405AB3A-C651-49C6-888E-462DAC293976}
	EndGlobalSection
	GlobalSection(ExtensibilityGlobals) = postSolution
		SolutionGuid = {98703C13-9DAA-45AF-AB7E-5AC7A83D0181}
	EndGlobalSection
EndGlobal
